
Microsoft Visual Studio Solution File, Format Version 12.00
# Visual Studio 2013
VisualStudioVersion = 12.0.40629.0
MinimumVisualStudioVersion = 10.0.40219.1
Project("{FAE04EC0-301F-11D3-BF4B-00C04F79EFBC}") = "ProblemOne_LabirynthDash", "ConsoleApplication1\ProblemOne_LabirynthDash.csproj", "{01136BA7-0960-4CED-BB98-91D5D211E30B}"
EndProject
Project("{FAE04EC0-301F-11D3-BF4B-00C04F79EFBC}") = "ProblemTwo_ClearingCommands", "ProblemTwo_ClearingComands\ProblemTwo_ClearingCommands.csproj", "{352246D7-D5D3-4C96-9888-20B2B15AD4D4}"
EndProject
Project("{FAE04EC0-301F-11D3-BF4B-00C04F79EFBC}") = "TeamProject_BrickDestroyer", "ConsoleApplication2\TeamProject_BrickDestroyer.csproj", "{BA951C0A-DC05-43F5-99AC-EA089B72C266}"
EndProject
Project("{FAE04EC0-301F-11D3-BF4B-00C04F79EFBC}") = "ProblemThree_LittleJohn", "ProblemThree_LittleJohn\ProblemThree_LittleJohn.csproj", "{A6567DB5-0ACB-4FFD-BC9B-F69817BE0535}"
EndProject
Project("{FAE04EC0-301F-11D3-BF4B-00C04F79EFBC}") = "ProblemFour_CouplesFrequency", "ProblemFour_CouplesFrequency\ProblemFour_CouplesFrequency.csproj", "{813A29E4-A8E9-409A-BA10-E2DA11B9EB81}"
EndProject
Project("{FAE04EC0-301F-11D3-BF4B-00C04F79EFBC}") = "ProbemFive_CommandInterpreter", "ProbemFive_CommandInterpreter\ProbemFive_CommandInterpreter.csproj", "{A027F9AD-1B5E-4634-8D90-4DA6FFA8A081}"
EndProject
Project("{FAE04EC0-301F-11D3-BF4B-00C04F79EFBC}") = "ProblemSix_TargetPractice", "ProblemSix_TargetPractice\ProblemSix_TargetPractice.csproj", "{2CD8B4B0-94BD-4770-8C58-D8BD899E85A1}"
EndProject
Project("{FAE04EC0-301F-11D3-BF4B-00C04F79EFBC}") = "ProblemSeven_OlypicsAreComing", "ProblemSeven_OlypicsAreComing\ProblemSeven_OlypicsAreComing.csproj", "{947B9A21-7891-4E7F-A99B-2BEC7C75EFD8}"
EndProject
Global
	GlobalSection(SolutionConfigurationPlatforms) = preSolution
		Debug|Any CPU = Debug|Any CPU
		Release|Any CPU = Release|Any CPU
	EndGlobalSection
	GlobalSection(ProjectConfigurationPlatforms) = postSolution
		{01136BA7-0960-4CED-BB98-91D5D211E30B}.Debug|Any CPU.ActiveCfg = Debug|Any CPU
		{01136BA7-0960-4CED-BB98-91D5D211E30B}.Debug|Any CPU.Build.0 = Debug|Any CPU
		{01136BA7-0960-4CED-BB98-91D5D211E30B}.Release|Any CPU.ActiveCfg = Release|Any CPU
		{01136BA7-0960-4CED-BB98-91D5D211E30B}.Release|Any CPU.Build.0 = Release|Any CPU
		{352246D7-D5D3-4C96-9888-20B2B15AD4D4}.Debug|Any CPU.ActiveCfg = Debug|Any CPU
		{352246D7-D5D3-4C96-9888-20B2B15AD4D4}.Debug|Any CPU.Build.0 = Debug|Any CPU
		{352246D7-D5D3-4C96-9888-20B2B15AD4D4}.Release|Any CPU.ActiveCfg = Release|Any CPU
		{352246D7-D5D3-4C96-9888-20B2B15AD4D4}.Release|Any CPU.Build.0 = Release|Any CPU
		{BA951C0A-DC05-43F5-99AC-EA089B72C266}.Debug|Any CPU.ActiveCfg = Debug|Any CPU
		{BA951C0A-DC05-43F5-99AC-EA089B72C266}.Debug|Any CPU.Build.0 = Debug|Any CPU
		{BA951C0A-DC05-43F5-99AC-EA089B72C266}.Release|Any CPU.ActiveCfg = Release|Any CPU
		{BA951C0A-DC05-43F5-99AC-EA089B72C266}.Release|Any CPU.Build.0 = Release|Any CPU
		{A6567DB5-0ACB-4FFD-BC9B-F69817BE0535}.Debug|Any CPU.ActiveCfg = Debug|Any CPU
		{A6567DB5-0ACB-4FFD-BC9B-F69817BE0535}.Debug|Any CPU.Build.0 = Debug|Any CPU
		{A6567DB5-0ACB-4FFD-BC9B-F69817BE0535}.Release|Any CPU.ActiveCfg = Release|Any CPU
		{A6567DB5-0ACB-4FFD-BC9B-F69817BE0535}.Release|Any CPU.Build.0 = Release|Any CPU
		{813A29E4-A8E9-409A-BA10-E2DA11B9EB81}.Debug|Any CPU.ActiveCfg = Debug|Any CPU
		{813A29E4-A8E9-409A-BA10-E2DA11B9EB81}.Debug|Any CPU.Build.0 = Debug|Any CPU
		{813A29E4-A8E9-409A-BA10-E2DA11B9EB81}.Release|Any CPU.ActiveCfg = Release|Any CPU
		{813A29E4-A8E9-409A-BA10-E2DA11B9EB81}.Release|Any CPU.Build.0 = Release|Any CPU
		{A027F9AD-1B5E-4634-8D90-4DA6FFA8A081}.Debug|Any CPU.ActiveCfg = Debug|Any CPU
		{A027F9AD-1B5E-4634-8D90-4DA6FFA8A081}.Debug|Any CPU.Build.0 = Debug|Any CPU
		{A027F9AD-1B5E-4634-8D90-4DA6FFA8A081}.Release|Any CPU.ActiveCfg = Release|Any CPU
		{A027F9AD-1B5E-4634-8D90-4DA6FFA8A081}.Release|Any CPU.Build.0 = Release|Any CPU
		{2CD8B4B0-94BD-4770-8C58-D8BD899E85A1}.Debug|Any CPU.ActiveCfg = Debug|Any CPU
		{2CD8B4B0-94BD-4770-8C58-D8BD899E85A1}.Debug|Any CPU.Build.0 = Debug|Any CPU
		{2CD8B4B0-94BD-4770-8C58-D8BD899E85A1}.Release|Any CPU.ActiveCfg = Release|Any CPU
		{2CD8B4B0-94BD-4770-8C58-D8BD899E85A1}.Release|Any CPU.Build.0 = Release|Any CPU
		{947B9A21-7891-4E7F-A99B-2BEC7C75EFD8}.Debug|Any CPU.ActiveCfg = Debug|Any CPU
		{947B9A21-7891-4E7F-A99B-2BEC7C75EFD8}.Debug|Any CPU.Build.0 = Debug|Any CPU
		{947B9A21-7891-4E7F-A99B-2BEC7C75EFD8}.Release|Any CPU.ActiveCfg = Release|Any CPU
		{947B9A21-7891-4E7F-A99B-2BEC7C75EFD8}.Release|Any CPU.Build.0 = Release|Any CPU
	EndGlobalSection
	GlobalSection(SolutionProperties) = preSolution
		HideSolutionNode = FALSE
	EndGlobalSection
EndGlobal
